
Microsoft Visual Studio Solution File, Format Version 12.00
# Visual Studio Version 16
VisualStudioVersion = 16.0.31729.503
MinimumVisualStudioVersion = 10.0.40219.1
Project("{888888A0-9F3D-457C-B088-3A5042F75D52}") = "Lr11_chmp", "Lr11_chmp.pyproj", "{06AAD2F2-1D52-44E1-9229-9C73143089A1}"
EndProject
Global
	GlobalSection(SolutionConfigurationPlatforms) = preSolution
		Debug|Any CPU = Debug|Any CPU
		Release|Any CPU = Release|Any CPU
	EndGlobalSection
	GlobalSection(ProjectConfigurationPlatforms) = postSolution
		{06AAD2F2-1D52-44E1-9229-9C73143089A1}.Debug|Any CPU.ActiveCfg = Debug|Any CPU
		{06AAD2F2-1D52-44E1-9229-9C73143089A1}.Release|Any CPU.ActiveCfg = Release|Any CPU
	EndGlobalSection
	GlobalSection(SolutionProperties) = preSolution
		HideSolutionNode = FALSE
	EndGlobalSection
	GlobalSection(ExtensibilityGlobals) = postSolution
		SolutionGuid = {A7802079-180C-4BF3-B14D-511B6278D498}
	EndGlobalSection
EndGlobal
